
Microsoft Visual Studio Solution File, Format Version 12.00
# Visual Studio Version 16
VisualStudioVersion = 16.0.28803.156
MinimumVisualStudioVersion = 10.0.40219.1
Project("{8BC9CEB8-8B4A-11D0-8D11-00A0C91BC942}") = "Face2", "Face2\Face2.vcxproj", "{72EADD90-C39D-499E-9AD9-29F58AD8D646}"
EndProject
Project("{FAE04EC0-301F-11D3-BF4B-00C04F79EFBC}") = "UnitTestProject1", "UnitTestProject1\UnitTestProject1.csproj", "{4C53AFE5-40FB-47D8-A302-E46F807036B7}"
EndProject
Global
	GlobalSection(SolutionConfigurationPlatforms) = preSolution
		Debug|Any CPU = Debug|Any CPU
		Debug|x64 = Debug|x64
		Debug|x86 = Debug|x86
		Release|Any CPU = Release|Any CPU
		Release|x64 = Release|x64
		Release|x86 = Release|x86
	EndGlobalSection
	GlobalSection(ProjectConfigurationPlatforms) = postSolution
		{72EADD90-C39D-499E-9AD9-29F58AD8D646}.Debug|Any CPU.ActiveCfg = Debug|Win32
		{72EADD90-C39D-499E-9AD9-29F58AD8D646}.Debug|x64.ActiveCfg = Debug|x64
		{72EADD90-C39D-499E-9AD9-29F58AD8D646}.Debug|x64.Build.0 = Debug|x64
		{72EADD90-C39D-499E-9AD9-29F58AD8D646}.Debug|x86.ActiveCfg = Debug|Win32
		{72EADD90-C39D-499E-9AD9-29F58AD8D646}.Debug|x86.Build.0 = Debug|Win32
		{72EADD90-C39D-499E-9AD9-29F58AD8D646}.Release|Any CPU.ActiveCfg = Release|Win32
		{72EADD90-C39D-499E-9AD9-29F58AD8D646}.Release|x64.ActiveCfg = Release|x64
		{72EADD90-C39D-499E-9AD9-29F58AD8D646}.Release|x64.Build.0 = Release|x64
		{72EADD90-C39D-499E-9AD9-29F58AD8D646}.Release|x86.ActiveCfg = Release|Win32
		{72EADD90-C39D-499E-9AD9-29F58AD8D646}.Release|x86.Build.0 = Release|Win32
		{4C53AFE5-40FB-47D8-A302-E46F807036B7}.Debug|Any CPU.ActiveCfg = Debug|Any CPU
		{4C53AFE5-40FB-47D8-A302-E46F807036B7}.Debug|Any CPU.Build.0 = Debug|Any CPU
		{4C53AFE5-40FB-47D8-A302-E46F807036B7}.Debug|x64.ActiveCfg = Debug|Any CPU
		{4C53AFE5-40FB-47D8-A302-E46F807036B7}.Debug|x64.Build.0 = Debug|Any CPU
		{4C53AFE5-40FB-47D8-A302-E46F807036B7}.Debug|x86.ActiveCfg = Debug|Any CPU
		{4C53AFE5-40FB-47D8-A302-E46F807036B7}.Debug|x86.Build.0 = Debug|Any CPU
		{4C53AFE5-40FB-47D8-A302-E46F807036B7}.Release|Any CPU.ActiveCfg = Release|Any CPU
		{4C53AFE5-40FB-47D8-A302-E46F807036B7}.Release|Any CPU.Build.0 = Release|Any CPU
		{4C53AFE5-40FB-47D8-A302-E46F807036B7}.Release|x64.ActiveCfg = Release|Any CPU
		{4C53AFE5-40FB-47D8-A302-E46F807036B7}.Release|x64.Build.0 = Release|Any CPU
		{4C53AFE5-40FB-47D8-A302-E46F807036B7}.Release|x86.ActiveCfg = Release|Any CPU
		{4C53AFE5-40FB-47D8-A302-E46F807036B7}.Release|x86.Build.0 = Release|Any CPU
	EndGlobalSection
	GlobalSection(SolutionProperties) = preSolution
		HideSolutionNode = FALSE
	EndGlobalSection
	GlobalSection(ExtensibilityGlobals) = postSolution
		SolutionGuid = {A5AC21DD-9824-4DDB-903E-8FC5DDD077AB}
	EndGlobalSection
EndGlobal
